
Microsoft Visual Studio Solution File, Format Version 12.00
# Visual Studio Version 17
VisualStudioVersion = 17.11.35327.3
MinimumVisualStudioVersion = 10.0.40219.1
Project("{FAE04EC0-301F-11D3-BF4B-00C04F79EFBC}") = "APIIdentity", "APIIdentity\APIIdentity.csproj", "{B426420A-8F02-4234-8FC2-D37CA07C0E79}"
EndProject
Global
	GlobalSection(SolutionConfigurationPlatforms) = preSolution
		Debug|Any CPU = Debug|Any CPU
		Release|Any CPU = Release|Any CPU
	EndGlobalSection
	GlobalSection(ProjectConfigurationPlatforms) = postSolution
		{B426420A-8F02-4234-8FC2-D37CA07C0E79}.Debug|Any CPU.ActiveCfg = Debug|Any CPU
		{B426420A-8F02-4234-8FC2-D37CA07C0E79}.Debug|Any CPU.Build.0 = Debug|Any CPU
		{B426420A-8F02-4234-8FC2-D37CA07C0E79}.Release|Any CPU.ActiveCfg = Release|Any CPU
		{B426420A-8F02-4234-8FC2-D37CA07C0E79}.Release|Any CPU.Build.0 = Release|Any CPU
	EndGlobalSection
	GlobalSection(SolutionProperties) = preSolution
		HideSolutionNode = FALSE
	EndGlobalSection
	GlobalSection(ExtensibilityGlobals) = postSolution
		SolutionGuid = {B3982148-6EBD-4DB4-B73E-2A3DDC07AF0F}
	EndGlobalSection
EndGlobal
